
Microsoft Visual Studio Solution File, Format Version 12.00
# Visual Studio Version 17
VisualStudioVersion = 17.9.34622.214
MinimumVisualStudioVersion = 10.0.40219.1
Project("{FAE04EC0-301F-11D3-BF4B-00C04F79EFBC}") = "ExtraAssetsImporter", "ExtraAssetsImporter.csproj", "{9A6B82F3-6B46-473E-A497-EEE741A95748}"
EndProject
Global
	GlobalSection(SolutionConfigurationPlatforms) = preSolution
		Debug|Any CPU = Debug|Any CPU
		Extra4_Debug|Any CPU = Extra4_Debug|Any CPU
		Extra4_Release|Any CPU = Extra4_Release|Any CPU
		Release|Any CPU = Release|Any CPU
	EndGlobalSection
	GlobalSection(ProjectConfigurationPlatforms) = postSolution
		{9A6B82F3-6B46-473E-A497-EEE741A95748}.Debug|Any CPU.ActiveCfg = Debug|Any CPU
		{9A6B82F3-6B46-473E-A497-EEE741A95748}.Debug|Any CPU.Build.0 = Debug|Any CPU
		{9A6B82F3-6B46-473E-A497-EEE741A95748}.Extra4_Debug|Any CPU.ActiveCfg = Extra4_Debug|Any CPU
		{9A6B82F3-6B46-473E-A497-EEE741A95748}.Extra4_Debug|Any CPU.Build.0 = Extra4_Debug|Any CPU
		{9A6B82F3-6B46-473E-A497-EEE741A95748}.Extra4_Release|Any CPU.ActiveCfg = Extra4_Release|Any CPU
		{9A6B82F3-6B46-473E-A497-EEE741A95748}.Extra4_Release|Any CPU.Build.0 = Extra4_Release|Any CPU
		{9A6B82F3-6B46-473E-A497-EEE741A95748}.Release|Any CPU.ActiveCfg = Release|Any CPU
		{9A6B82F3-6B46-473E-A497-EEE741A95748}.Release|Any CPU.Build.0 = Release|Any CPU
	EndGlobalSection
	GlobalSection(SolutionProperties) = preSolution
		HideSolutionNode = FALSE
	EndGlobalSection
	GlobalSection(ExtensibilityGlobals) = postSolution
		SolutionGuid = {7E59E4DB-D60F-461B-9C18-9E1038393997}
	EndGlobalSection
EndGlobal
